
Microsoft Visual Studio Solution File, Format Version 12.00
# Visual Studio Version 16
VisualStudioVersion = 16.0.30011.22
MinimumVisualStudioVersion = 10.0.40219.1
Project("{803FD0C6-D64E-4E16-9DC3-1DAEC859A3D2}") = "vgdbLib01", "vgdbLib01.vgdbcmake", "{1706A477-AB49-497F-8F5A-C6D374A24FED}"
EndProject
Global
	GlobalSection(SolutionConfigurationPlatforms) = preSolution
		Debug|VisualGDB = Debug|VisualGDB
		MinSizeRel|VisualGDB = MinSizeRel|VisualGDB
		Release|VisualGDB = Release|VisualGDB
		RelWithDebInfo|VisualGDB = RelWithDebInfo|VisualGDB
	EndGlobalSection
	GlobalSection(ProjectConfigurationPlatforms) = postSolution
		{1706A477-AB49-497F-8F5A-C6D374A24FED}.Debug|VisualGDB.ActiveCfg = Debug|VisualGDB
		{1706A477-AB49-497F-8F5A-C6D374A24FED}.Debug|VisualGDB.Build.0 = Debug|VisualGDB
		{1706A477-AB49-497F-8F5A-C6D374A24FED}.MinSizeRel|VisualGDB.ActiveCfg = MinSizeRel|VisualGDB
		{1706A477-AB49-497F-8F5A-C6D374A24FED}.MinSizeRel|VisualGDB.Build.0 = MinSizeRel|VisualGDB
		{1706A477-AB49-497F-8F5A-C6D374A24FED}.Release|VisualGDB.ActiveCfg = Release|VisualGDB
		{1706A477-AB49-497F-8F5A-C6D374A24FED}.Release|VisualGDB.Build.0 = Release|VisualGDB
		{1706A477-AB49-497F-8F5A-C6D374A24FED}.RelWithDebInfo|VisualGDB.ActiveCfg = RelWithDebInfo|VisualGDB
		{1706A477-AB49-497F-8F5A-C6D374A24FED}.RelWithDebInfo|VisualGDB.Build.0 = RelWithDebInfo|VisualGDB
	EndGlobalSection
	GlobalSection(SolutionProperties) = preSolution
		HideSolutionNode = FALSE
	EndGlobalSection
	GlobalSection(ExtensibilityGlobals) = postSolution
		SolutionGuid = {5644EE7C-4BF1-49C6-AFF2-F87C05E61A8E}
	EndGlobalSection
EndGlobal
