
Microsoft Visual Studio Solution File, Format Version 12.00
# Visual Studio Version 16
VisualStudioVersion = 16.0.30011.22
MinimumVisualStudioVersion = 10.0.40219.1
Project("{803FD0C6-D64E-4E16-9DC3-1DAEC859A3D2}") = "photonTestI2c", "photonTestI2c.vgdbcmake", "{BEEB7328-7670-4977-B201-B7BD4108413C}"
EndProject
Global
	GlobalSection(SolutionConfigurationPlatforms) = preSolution
		Debug|VisualGDB = Debug|VisualGDB
		MinSizeRel|VisualGDB = MinSizeRel|VisualGDB
		Release|VisualGDB = Release|VisualGDB
		RelWithDebInfo|VisualGDB = RelWithDebInfo|VisualGDB
	EndGlobalSection
	GlobalSection(ProjectConfigurationPlatforms) = postSolution
		{BEEB7328-7670-4977-B201-B7BD4108413C}.Debug|VisualGDB.ActiveCfg = Debug|VisualGDB
		{BEEB7328-7670-4977-B201-B7BD4108413C}.Debug|VisualGDB.Build.0 = Debug|VisualGDB
		{BEEB7328-7670-4977-B201-B7BD4108413C}.MinSizeRel|VisualGDB.ActiveCfg = MinSizeRel|VisualGDB
		{BEEB7328-7670-4977-B201-B7BD4108413C}.MinSizeRel|VisualGDB.Build.0 = MinSizeRel|VisualGDB
		{BEEB7328-7670-4977-B201-B7BD4108413C}.Release|VisualGDB.ActiveCfg = Release|VisualGDB
		{BEEB7328-7670-4977-B201-B7BD4108413C}.Release|VisualGDB.Build.0 = Release|VisualGDB
		{BEEB7328-7670-4977-B201-B7BD4108413C}.RelWithDebInfo|VisualGDB.ActiveCfg = RelWithDebInfo|VisualGDB
		{BEEB7328-7670-4977-B201-B7BD4108413C}.RelWithDebInfo|VisualGDB.Build.0 = RelWithDebInfo|VisualGDB
	EndGlobalSection
	GlobalSection(SolutionProperties) = preSolution
		HideSolutionNode = FALSE
	EndGlobalSection
	GlobalSection(ExtensibilityGlobals) = postSolution
		SolutionGuid = {B3F1F6C9-5585-4AF3-A4C8-FAA1B67D2E48}
	EndGlobalSection
EndGlobal
